// !$*UTF8*$!
{
	archiveVersion = 1;
	classes = {
	};
	objectVersion = 56;
	objects = {

/* Begin PBXBuildFile section */
		3E276C632B91712900D97629 /* Pour Metronome Watch App.app in Embed Watch Content */ = {isa = PBXBuildFile; fileRef = 3E276C622B91712900D97629 /* Pour Metronome Watch App.app */; settings = {ATTRIBUTES = (RemoveHeadersOnCopy, ); }; };
		3E276C682B91712900D97629 /* Pour_MetronomeApp.swift in Sources */ = {isa = PBXBuildFile; fileRef = 3E276C672B91712900D97629 /* Pour_MetronomeApp.swift */; };
		3E276C6A2B91712900D97629 /* ContentView.swift in Sources */ = {isa = PBXBuildFile; fileRef = 3E276C692B91712900D97629 /* ContentView.swift */; };
		3E276C6C2B91712A00D97629 /* Assets.xcassets in Resources */ = {isa = PBXBuildFile; fileRef = 3E276C6B2B91712A00D97629 /* Assets.xcassets */; };
		3E276C6F2B91712A00D97629 /* Preview Assets.xcassets in Resources */ = {isa = PBXBuildFile; fileRef = 3E276C6E2B91712A00D97629 /* Preview Assets.xcassets */; };
		3E276C792B91712A00D97629 /* Pour_Metronome_Watch_AppTests.swift in Sources */ = {isa = PBXBuildFile; fileRef = 3E276C782B91712A00D97629 /* Pour_Metronome_Watch_AppTests.swift */; };
		3E276C832B91712A00D97629 /* Pour_Metronome_Watch_AppUITests.swift in Sources */ = {isa = PBXBuildFile; fileRef = 3E276C822B91712A00D97629 /* Pour_Metronome_Watch_AppUITests.swift */; };
		3E276C852B91712A00D97629 /* Pour_Metronome_Watch_AppUITestsLaunchTests.swift in Sources */ = {isa = PBXBuildFile; fileRef = 3E276C842B91712A00D97629 /* Pour_Metronome_Watch_AppUITestsLaunchTests.swift */; };
		3E67C69B2B97CDF100E868AA /* Polygon.swift in Sources */ = {isa = PBXBuildFile; fileRef = 3E67C69A2B97CDF100E868AA /* Polygon.swift */; };
		3E67C69D2B9A3D9500E868AA /* CupView.swift in Sources */ = {isa = PBXBuildFile; fileRef = 3E67C69C2B9A3D9500E868AA /* CupView.swift */; };
		3E67C69F2B9A47DC00E868AA /* MetronomeView.swift in Sources */ = {isa = PBXBuildFile; fileRef = 3E67C69E2B9A47DC00E868AA /* MetronomeView.swift */; };
		3E67C6A12B9AC43600E868AA /* MeasurementButton.swift in Sources */ = {isa = PBXBuildFile; fileRef = 3E67C6A02B9AC43600E868AA /* MeasurementButton.swift */; };
		3E67C6A32B9ADECF00E868AA /* Cup.swift in Sources */ = {isa = PBXBuildFile; fileRef = 3E67C6A22B9ADECF00E868AA /* Cup.swift */; };
		3E67C6A52B9B168000E868AA /* FlashingCircle.swift in Sources */ = {isa = PBXBuildFile; fileRef = 3E67C6A42B9B168000E868AA /* FlashingCircle.swift */; };
/* End PBXBuildFile section */

/* Begin PBXContainerItemProxy section */
		3E276C642B91712900D97629 /* PBXContainerItemProxy */ = {
			isa = PBXContainerItemProxy;
			containerPortal = 3E276C562B91712900D97629 /* Project object */;
			proxyType = 1;
			remoteGlobalIDString = 3E276C612B91712900D97629;
			remoteInfo = "Pour Metronome Watch App";
		};
		3E276C752B91712A00D97629 /* PBXContainerItemProxy */ = {
			isa = PBXContainerItemProxy;
			containerPortal = 3E276C562B91712900D97629 /* Project object */;
			proxyType = 1;
			remoteGlobalIDString = 3E276C612B91712900D97629;
			remoteInfo = "Pour Metronome Watch App";
		};
		3E276C7F2B91712A00D97629 /* PBXContainerItemProxy */ = {
			isa = PBXContainerItemProxy;
			containerPortal = 3E276C562B91712900D97629 /* Project object */;
			proxyType = 1;
			remoteGlobalIDString = 3E276C612B91712900D97629;
			remoteInfo = "Pour Metronome Watch App";
		};
/* End PBXContainerItemProxy section */

/* Begin PBXCopyFilesBuildPhase section */
		3E276C8B2B91712A00D97629 /* Embed Watch Content */ = {
			isa = PBXCopyFilesBuildPhase;
			buildActionMask = 2147483647;
			dstPath = "$(CONTENTS_FOLDER_PATH)/Watch";
			dstSubfolderSpec = 16;
			files = (
				3E276C632B91712900D97629 /* Pour Metronome Watch App.app in Embed Watch Content */,
			);
			name = "Embed Watch Content";
			runOnlyForDeploymentPostprocessing = 0;
		};
/* End PBXCopyFilesBuildPhase section */

/* Begin PBXFileReference section */
		3E276C5C2B91712900D97629 /* Pour Metronome.app */ = {isa = PBXFileReference; explicitFileType = wrapper.application; includeInIndex = 0; path = "Pour Metronome.app"; sourceTree = BUILT_PRODUCTS_DIR; };
		3E276C622B91712900D97629 /* Pour Metronome Watch App.app */ = {isa = PBXFileReference; explicitFileType = wrapper.application; includeInIndex = 0; path = "Pour Metronome Watch App.app"; sourceTree = BUILT_PRODUCTS_DIR; };
		3E276C672B91712900D97629 /* Pour_MetronomeApp.swift */ = {isa = PBXFileReference; lastKnownFileType = sourcecode.swift; path = Pour_MetronomeApp.swift; sourceTree = "<group>"; };
		3E276C692B91712900D97629 /* ContentView.swift */ = {isa = PBXFileReference; lastKnownFileType = sourcecode.swift; path = ContentView.swift; sourceTree = "<group>"; };
		3E276C6B2B91712A00D97629 /* Assets.xcassets */ = {isa = PBXFileReference; lastKnownFileType = folder.assetcatalog; path = Assets.xcassets; sourceTree = "<group>"; };
		3E276C6E2B91712A00D97629 /* Preview Assets.xcassets */ = {isa = PBXFileReference; lastKnownFileType = folder.assetcatalog; path = "Preview Assets.xcassets"; sourceTree = "<group>"; };
		3E276C742B91712A00D97629 /* Pour Metronome Watch AppTests.xctest */ = {isa = PBXFileReference; explicitFileType = wrapper.cfbundle; includeInIndex = 0; path = "Pour Metronome Watch AppTests.xctest"; sourceTree = BUILT_PRODUCTS_DIR; };
		3E276C782B91712A00D97629 /* Pour_Metronome_Watch_AppTests.swift */ = {isa = PBXFileReference; lastKnownFileType = sourcecode.swift; path = Pour_Metronome_Watch_AppTests.swift; sourceTree = "<group>"; };
		3E276C7E2B91712A00D97629 /* Pour Metronome Watch AppUITests.xctest */ = {isa = PBXFileReference; explicitFileType = wrapper.cfbundle; includeInIndex = 0; path = "Pour Metronome Watch AppUITests.xctest"; sourceTree = BUILT_PRODUCTS_DIR; };
		3E276C822B91712A00D97629 /* Pour_Metronome_Watch_AppUITests.swift */ = {isa = PBXFileReference; lastKnownFileType = sourcecode.swift; path = Pour_Metronome_Watch_AppUITests.swift; sourceTree = "<group>"; };
		3E276C842B91712A00D97629 /* Pour_Metronome_Watch_AppUITestsLaunchTests.swift */ = {isa = PBXFileReference; lastKnownFileType = sourcecode.swift; path = Pour_Metronome_Watch_AppUITestsLaunchTests.swift; sourceTree = "<group>"; };
		3E67C69A2B97CDF100E868AA /* Polygon.swift */ = {isa = PBXFileReference; lastKnownFileType = sourcecode.swift; path = Polygon.swift; sourceTree = "<group>"; };
		3E67C69C2B9A3D9500E868AA /* CupView.swift */ = {isa = PBXFileReference; lastKnownFileType = sourcecode.swift; path = CupView.swift; sourceTree = "<group>"; };
		3E67C69E2B9A47DC00E868AA /* MetronomeView.swift */ = {isa = PBXFileReference; lastKnownFileType = sourcecode.swift; path = MetronomeView.swift; sourceTree = "<group>"; };
		3E67C6A02B9AC43600E868AA /* MeasurementButton.swift */ = {isa = PBXFileReference; lastKnownFileType = sourcecode.swift; path = MeasurementButton.swift; sourceTree = "<group>"; };
		3E67C6A22B9ADECF00E868AA /* Cup.swift */ = {isa = PBXFileReference; lastKnownFileType = sourcecode.swift; path = Cup.swift; sourceTree = "<group>"; };
		3E67C6A42B9B168000E868AA /* FlashingCircle.swift */ = {isa = PBXFileReference; lastKnownFileType = sourcecode.swift; path = FlashingCircle.swift; sourceTree = "<group>"; };
/* End PBXFileReference section */

/* Begin PBXFrameworksBuildPhase section */
		3E276C5F2B91712900D97629 /* Frameworks */ = {
			isa = PBXFrameworksBuildPhase;
			buildActionMask = 2147483647;
			files = (
			);
			runOnlyForDeploymentPostprocessing = 0;
		};
		3E276C712B91712A00D97629 /* Frameworks */ = {
			isa = PBXFrameworksBuildPhase;
			buildActionMask = 2147483647;
			files = (
			);
			runOnlyForDeploymentPostprocessing = 0;
		};
		3E276C7B2B91712A00D97629 /* Frameworks */ = {
			isa = PBXFrameworksBuildPhase;
			buildActionMask = 2147483647;
			files = (
			);
			runOnlyForDeploymentPostprocessing = 0;
		};
/* End PBXFrameworksBuildPhase section */

/* Begin PBXGroup section */
		3E276C552B91712900D97629 = {
			isa = PBXGroup;
			children = (
				3E276C662B91712900D97629 /* Pour Metronome Watch App */,
				3E276C772B91712A00D97629 /* Pour Metronome Watch AppTests */,
				3E276C812B91712A00D97629 /* Pour Metronome Watch AppUITests */,
				3E276C5D2B91712900D97629 /* Products */,
			);
			sourceTree = "<group>";
		};
		3E276C5D2B91712900D97629 /* Products */ = {
			isa = PBXGroup;
			children = (
				3E276C5C2B91712900D97629 /* Pour Metronome.app */,
				3E276C622B91712900D97629 /* Pour Metronome Watch App.app */,
				3E276C742B91712A00D97629 /* Pour Metronome Watch AppTests.xctest */,
				3E276C7E2B91712A00D97629 /* Pour Metronome Watch AppUITests.xctest */,
			);
			name = Products;
			sourceTree = "<group>";
		};
		3E276C662B91712900D97629 /* Pour Metronome Watch App */ = {
			isa = PBXGroup;
			children = (
				3E276C672B91712900D97629 /* Pour_MetronomeApp.swift */,
				3E276C692B91712900D97629 /* ContentView.swift */,
				3E276C6B2B91712A00D97629 /* Assets.xcassets */,
				3E276C6D2B91712A00D97629 /* Preview Content */,
				3E67C69A2B97CDF100E868AA /* Polygon.swift */,
				3E67C69C2B9A3D9500E868AA /* CupView.swift */,
				3E67C69E2B9A47DC00E868AA /* MetronomeView.swift */,
				3E67C6A02B9AC43600E868AA /* MeasurementButton.swift */,
				3E67C6A22B9ADECF00E868AA /* Cup.swift */,
				3E67C6A42B9B168000E868AA /* FlashingCircle.swift */,
			);
			path = "Pour Metronome Watch App";
			sourceTree = "<group>";
		};
		3E276C6D2B91712A00D97629 /* Preview Content */ = {
			isa = PBXGroup;
			children = (
				3E276C6E2B91712A00D97629 /* Preview Assets.xcassets */,
			);
			path = "Preview Content";
			sourceTree = "<group>";
		};
		3E276C772B91712A00D97629 /* Pour Metronome Watch AppTests */ = {
			isa = PBXGroup;
			children = (
				3E276C782B91712A00D97629 /* Pour_Metronome_Watch_AppTests.swift */,
			);
			path = "Pour Metronome Watch AppTests";
			sourceTree = "<group>";
		};
		3E276C812B91712A00D97629 /* Pour Metronome Watch AppUITests */ = {
			isa = PBXGroup;
			children = (
				3E276C822B91712A00D97629 /* Pour_Metronome_Watch_AppUITests.swift */,
				3E276C842B91712A00D97629 /* Pour_Metronome_Watch_AppUITestsLaunchTests.swift */,
			);
			path = "Pour Metronome Watch AppUITests";
			sourceTree = "<group>";
		};
/* End PBXGroup section */

/* Begin PBXNativeTarget section */
		3E276C5B2B91712900D97629 /* Pour Metronome */ = {
			isa = PBXNativeTarget;
			buildConfigurationList = 3E276C8C2B91712A00D97629 /* Build configuration list for PBXNativeTarget "Pour Metronome" */;
			buildPhases = (
				3E276C5A2B91712900D97629 /* Resources */,
				3E276C8B2B91712A00D97629 /* Embed Watch Content */,
			);
			buildRules = (
			);
			dependencies = (
				3E276C652B91712900D97629 /* PBXTargetDependency */,
			);
			name = "Pour Metronome";
			productName = "Pour Metronome";
			productReference = 3E276C5C2B91712900D97629 /* Pour Metronome.app */;
			productType = "com.apple.product-type.application.watchapp2-container";
		};
		3E276C612B91712900D97629 /* Pour Metronome Watch App */ = {
			isa = PBXNativeTarget;
			buildConfigurationList = 3E276C882B91712A00D97629 /* Build configuration list for PBXNativeTarget "Pour Metronome Watch App" */;
			buildPhases = (
				3E276C5E2B91712900D97629 /* Sources */,
				3E276C5F2B91712900D97629 /* Frameworks */,
				3E276C602B91712900D97629 /* Resources */,
			);
			buildRules = (
			);
			dependencies = (
			);
			name = "Pour Metronome Watch App";
			productName = "Pour Metronome Watch App";
			productReference = 3E276C622B91712900D97629 /* Pour Metronome Watch App.app */;
			productType = "com.apple.product-type.application";
		};
		3E276C732B91712A00D97629 /* Pour Metronome Watch AppTests */ = {
			isa = PBXNativeTarget;
			buildConfigurationList = 3E276C8F2B91712A00D97629 /* Build configuration list for PBXNativeTarget "Pour Metronome Watch AppTests" */;
			buildPhases = (
				3E276C702B91712A00D97629 /* Sources */,
				3E276C712B91712A00D97629 /* Frameworks */,
				3E276C722B91712A00D97629 /* Resources */,
			);
			buildRules = (
			);
			dependencies = (
				3E276C762B91712A00D97629 /* PBXTargetDependency */,
			);
			name = "Pour Metronome Watch AppTests";
			productName = "Pour Metronome Watch AppTests";
			productReference = 3E276C742B91712A00D97629 /* Pour Metronome Watch AppTests.xctest */;
			productType = "com.apple.product-type.bundle.unit-test";
		};
		3E276C7D2B91712A00D97629 /* Pour Metronome Watch AppUITests */ = {
			isa = PBXNativeTarget;
			buildConfigurationList = 3E276C922B91712A00D97629 /* Build configuration list for PBXNativeTarget "Pour Metronome Watch AppUITests" */;
			buildPhases = (
				3E276C7A2B91712A00D97629 /* Sources */,
				3E276C7B2B91712A00D97629 /* Frameworks */,
				3E276C7C2B91712A00D97629 /* Resources */,
			);
			buildRules = (
			);
			dependencies = (
				3E276C802B91712A00D97629 /* PBXTargetDependency */,
			);
			name = "Pour Metronome Watch AppUITests";
			productName = "Pour Metronome Watch AppUITests";
			productReference = 3E276C7E2B91712A00D97629 /* Pour Metronome Watch AppUITests.xctest */;
			productType = "com.apple.product-type.bundle.ui-testing";
		};
/* End PBXNativeTarget section */

/* Begin PBXProject section */
		3E276C562B91712900D97629 /* Project object */ = {
			isa = PBXProject;
			attributes = {
				BuildIndependentTargetsInParallel = 1;
				LastSwiftUpdateCheck = 1520;
				LastUpgradeCheck = 1520;
				TargetAttributes = {
					3E276C5B2B91712900D97629 = {
						CreatedOnToolsVersion = 15.2;
					};
					3E276C612B91712900D97629 = {
						CreatedOnToolsVersion = 15.2;
					};
					3E276C732B91712A00D97629 = {
						CreatedOnToolsVersion = 15.2;
						TestTargetID = 3E276C612B91712900D97629;
					};
					3E276C7D2B91712A00D97629 = {
						CreatedOnToolsVersion = 15.2;
						TestTargetID = 3E276C612B91712900D97629;
					};
				};
			};
			buildConfigurationList = 3E276C592B91712900D97629 /* Build configuration list for PBXProject "Pour Metronome" */;
			compatibilityVersion = "Xcode 14.0";
			developmentRegion = en;
			hasScannedForEncodings = 0;
			knownRegions = (
				en,
				Base,
			);
			mainGroup = 3E276C552B91712900D97629;
			productRefGroup = 3E276C5D2B91712900D97629 /* Products */;
			projectDirPath = "";
			projectRoot = "";
			targets = (
				3E276C5B2B91712900D97629 /* Pour Metronome */,
				3E276C612B91712900D97629 /* Pour Metronome Watch App */,
				3E276C732B91712A00D97629 /* Pour Metronome Watch AppTests */,
				3E276C7D2B91712A00D97629 /* Pour Metronome Watch AppUITests */,
			);
		};
/* End PBXProject section */

/* Begin PBXResourcesBuildPhase section */
		3E276C5A2B91712900D97629 /* Resources */ = {
			isa = PBXResourcesBuildPhase;
			buildActionMask = 2147483647;
			files = (
			);
			runOnlyForDeploymentPostprocessing = 0;
		};
		3E276C602B91712900D97629 /* Resources */ = {
			isa = PBXResourcesBuildPhase;
			buildActionMask = 2147483647;
			files = (
				3E276C6F2B91712A00D97629 /* Preview Assets.xcassets in Resources */,
				3E276C6C2B91712A00D97629 /* Assets.xcassets in Resources */,
			);
			runOnlyForDeploymentPostprocessing = 0;
		};
		3E276C722B91712A00D97629 /* Resources */ = {
			isa = PBXResourcesBuildPhase;
			buildActionMask = 2147483647;
			files = (
			);
			runOnlyForDeploymentPostprocessing = 0;
		};
		3E276C7C2B91712A00D97629 /* Resources */ = {
			isa = PBXResourcesBuildPhase;
			buildActionMask = 2147483647;
			files = (
			);
			runOnlyForDeploymentPostprocessing = 0;
		};
/* End PBXResourcesBuildPhase section */

/* Begin PBXSourcesBuildPhase section */
		3E276C5E2B91712900D97629 /* Sources */ = {
			isa = PBXSourcesBuildPhase;
			buildActionMask = 2147483647;
			files = (
				3E67C6A12B9AC43600E868AA /* MeasurementButton.swift in Sources */,
				3E276C6A2B91712900D97629 /* ContentView.swift in Sources */,
				3E67C69F2B9A47DC00E868AA /* MetronomeView.swift in Sources */,
				3E67C6A32B9ADECF00E868AA /* Cup.swift in Sources */,
				3E276C682B91712900D97629 /* Pour_MetronomeApp.swift in Sources */,
				3E67C6A52B9B168000E868AA /* FlashingCircle.swift in Sources */,
				3E67C69B2B97CDF100E868AA /* Polygon.swift in Sources */,
				3E67C69D2B9A3D9500E868AA /* CupView.swift in Sources */,
			);
			runOnlyForDeploymentPostprocessing = 0;
		};
		3E276C702B91712A00D97629 /* Sources */ = {
			isa = PBXSourcesBuildPhase;
			buildActionMask = 2147483647;
			files = (
				3E276C792B91712A00D97629 /* Pour_Metronome_Watch_AppTests.swift in Sources */,
			);
			runOnlyForDeploymentPostprocessing = 0;
		};
		3E276C7A2B91712A00D97629 /* Sources */ = {
			isa = PBXSourcesBuildPhase;
			buildActionMask = 2147483647;
			files = (
				3E276C832B91712A00D97629 /* Pour_Metronome_Watch_AppUITests.swift in Sources */,
				3E276C852B91712A00D97629 /* Pour_Metronome_Watch_AppUITestsLaunchTests.swift in Sources */,
			);
			runOnlyForDeploymentPostprocessing = 0;
		};
/* End PBXSourcesBuildPhase section */

/* Begin PBXTargetDependency section */
		3E276C652B91712900D97629 /* PBXTargetDependency */ = {
			isa = PBXTargetDependency;
			target = 3E276C612B91712900D97629 /* Pour Metronome Watch App */;
			targetProxy = 3E276C642B91712900D97629 /* PBXContainerItemProxy */;
		};
		3E276C762B91712A00D97629 /* PBXTargetDependency */ = {
			isa = PBXTargetDependency;
			target = 3E276C612B91712900D97629 /* Pour Metronome Watch App */;
			targetProxy = 3E276C752B91712A00D97629 /* PBXContainerItemProxy */;
		};
		3E276C802B91712A00D97629 /* PBXTargetDependency */ = {
			isa = PBXTargetDependency;
			target = 3E276C612B91712900D97629 /* Pour Metronome Watch App */;
			targetProxy = 3E276C7F2B91712A00D97629 /* PBXContainerItemProxy */;
		};
/* End PBXTargetDependency section */

/* Begin XCBuildConfiguration section */
		3E276C862B91712A00D97629 /* Debug */ = {
			isa = XCBuildConfiguration;
			buildSettings = {
				ALWAYS_SEARCH_USER_PATHS = NO;
				ASSETCATALOG_COMPILER_GENERATE_SWIFT_ASSET_SYMBOL_EXTENSIONS = YES;
				CLANG_ANALYZER_NONNULL = YES;
				CLANG_ANALYZER_NUMBER_OBJECT_CONVERSION = YES_AGGRESSIVE;
				CLANG_CXX_LANGUAGE_STANDARD = "gnu++20";
				CLANG_ENABLE_MODULES = YES;
				CLANG_ENABLE_OBJC_ARC = YES;
				CLANG_ENABLE_OBJC_WEAK = YES;
				CLANG_WARN_BLOCK_CAPTURE_AUTORELEASING = YES;
				CLANG_WARN_BOOL_CONVERSION = YES;
				CLANG_WARN_COMMA = YES;
				CLANG_WARN_CONSTANT_CONVERSION = YES;
				CLANG_WARN_DEPRECATED_OBJC_IMPLEMENTATIONS = YES;
				CLANG_WARN_DIRECT_OBJC_ISA_USAGE = YES_ERROR;
				CLANG_WARN_DOCUMENTATION_COMMENTS = YES;
				CLANG_WARN_EMPTY_BODY = YES;
				CLANG_WARN_ENUM_CONVERSION = YES;
				CLANG_WARN_INFINITE_RECURSION = YES;
				CLANG_WARN_INT_CONVERSION = YES;
				CLANG_WARN_NON_LITERAL_NULL_CONVERSION = YES;
				CLANG_WARN_OBJC_IMPLICIT_RETAIN_SELF = YES;
				CLANG_WARN_OBJC_LITERAL_CONVERSION = YES;
				CLANG_WARN_OBJC_ROOT_CLASS = YES_ERROR;
				CLANG_WARN_QUOTED_INCLUDE_IN_FRAMEWORK_HEADER = YES;
				CLANG_WARN_RANGE_LOOP_ANALYSIS = YES;
				CLANG_WARN_STRICT_PROTOTYPES = YES;
				CLANG_WARN_SUSPICIOUS_MOVE = YES;
				CLANG_WARN_UNGUARDED_AVAILABILITY = YES_AGGRESSIVE;
				CLANG_WARN_UNREACHABLE_CODE = YES;
				CLANG_WARN__DUPLICATE_METHOD_MATCH = YES;
				COPY_PHASE_STRIP = NO;
				DEBUG_INFORMATION_FORMAT = dwarf;
				ENABLE_STRICT_OBJC_MSGSEND = YES;
				ENABLE_TESTABILITY = YES;
				ENABLE_USER_SCRIPT_SANDBOXING = YES;
				GCC_C_LANGUAGE_STANDARD = gnu17;
				GCC_DYNAMIC_NO_PIC = NO;
				GCC_NO_COMMON_BLOCKS = YES;
				GCC_OPTIMIZATION_LEVEL = 0;
				GCC_PREPROCESSOR_DEFINITIONS = (
					"DEBUG=1",
					"$(inherited)",
				);
				GCC_WARN_64_TO_32_BIT_CONVERSION = YES;
				GCC_WARN_ABOUT_RETURN_TYPE = YES_ERROR;
				GCC_WARN_UNDECLARED_SELECTOR = YES;
				GCC_WARN_UNINITIALIZED_AUTOS = YES_AGGRESSIVE;
				GCC_WARN_UNUSED_FUNCTION = YES;
				GCC_WARN_UNUSED_VARIABLE = YES;
				LOCALIZATION_PREFERS_STRING_CATALOGS = YES;
				MTL_ENABLE_DEBUG_INFO = INCLUDE_SOURCE;
				MTL_FAST_MATH = YES;
				ONLY_ACTIVE_ARCH = YES;
				SWIFT_ACTIVE_COMPILATION_CONDITIONS = "DEBUG $(inherited)";
				SWIFT_OPTIMIZATION_LEVEL = "-Onone";
			};
			name = Debug;
		};
		3E276C872B91712A00D97629 /* Release */ = {
			isa = XCBuildConfiguration;
			buildSettings = {
				ALWAYS_SEARCH_USER_PATHS = NO;
				ASSETCATALOG_COMPILER_GENERATE_SWIFT_ASSET_SYMBOL_EXTENSIONS = YES;
				CLANG_ANALYZER_NONNULL = YES;
				CLANG_ANALYZER_NUMBER_OBJECT_CONVERSION = YES_AGGRESSIVE;
				CLANG_CXX_LANGUAGE_STANDARD = "gnu++20";
				CLANG_ENABLE_MODULES = YES;
				CLANG_ENABLE_OBJC_ARC = YES;
				CLANG_ENABLE_OBJC_WEAK = YES;
				CLANG_WARN_BLOCK_CAPTURE_AUTORELEASING = YES;
				CLANG_WARN_BOOL_CONVERSION = YES;
				CLANG_WARN_COMMA = YES;
				CLANG_WARN_CONSTANT_CONVERSION = YES;
				CLANG_WARN_DEPRECATED_OBJC_IMPLEMENTATIONS = YES;
				CLANG_WARN_DIRECT_OBJC_ISA_USAGE = YES_ERROR;
				CLANG_WARN_DOCUMENTATION_COMMENTS = YES;
				CLANG_WARN_EMPTY_BODY = YES;
				CLANG_WARN_ENUM_CONVERSION = YES;
				CLANG_WARN_INFINITE_RECURSION = YES;
				CLANG_WARN_INT_CONVERSION = YES;
				CLANG_WARN_NON_LITERAL_NULL_CONVERSION = YES;
				CLANG_WARN_OBJC_IMPLICIT_RETAIN_SELF = YES;
				CLANG_WARN_OBJC_LITERAL_CONVERSION = YES;
				CLANG_WARN_OBJC_ROOT_CLASS = YES_ERROR;
				CLANG_WARN_QUOTED_INCLUDE_IN_FRAMEWORK_HEADER = YES;
				CLANG_WARN_RANGE_LOOP_ANALYSIS = YES;
				CLANG_WARN_STRICT_PROTOTYPES = YES;
				CLANG_WARN_SUSPICIOUS_MOVE = YES;
				CLANG_WARN_UNGUARDED_AVAILABILITY = YES_AGGRESSIVE;
				CLANG_WARN_UNREACHABLE_CODE = YES;
				CLANG_WARN__DUPLICATE_METHOD_MATCH = YES;
				COPY_PHASE_STRIP = NO;
				DEBUG_INFORMATION_FORMAT = "dwarf-with-dsym";
				ENABLE_NS_ASSERTIONS = NO;
				ENABLE_STRICT_OBJC_MSGSEND = YES;
				ENABLE_USER_SCRIPT_SANDBOXING = YES;
				GCC_C_LANGUAGE_STANDARD = gnu17;
				GCC_NO_COMMON_BLOCKS = YES;
				GCC_WARN_64_TO_32_BIT_CONVERSION = YES;
				GCC_WARN_ABOUT_RETURN_TYPE = YES_ERROR;
				GCC_WARN_UNDECLARED_SELECTOR = YES;
				GCC_WARN_UNINITIALIZED_AUTOS = YES_AGGRESSIVE;
				GCC_WARN_UNUSED_FUNCTION = YES;
				GCC_WARN_UNUSED_VARIABLE = YES;
				LOCALIZATION_PREFERS_STRING_CATALOGS = YES;
				MTL_ENABLE_DEBUG_INFO = NO;
				MTL_FAST_MATH = YES;
				SWIFT_COMPILATION_MODE = wholemodule;
			};
			name = Release;
		};
		3E276C892B91712A00D97629 /* Debug */ = {
			isa = XCBuildConfiguration;
			buildSettings = {
				ASSETCATALOG_COMPILER_APPICON_NAME = AppIcon;
				ASSETCATALOG_COMPILER_GLOBAL_ACCENT_COLOR_NAME = AccentColor;
				CODE_SIGN_STYLE = Automatic;
				CURRENT_PROJECT_VERSION = 1;
				DEVELOPMENT_ASSET_PATHS = "\"Pour Metronome Watch App/Preview Content\"";
				DEVELOPMENT_TEAM = Z35246PN3J;
				ENABLE_PREVIEWS = YES;
				GENERATE_INFOPLIST_FILE = YES;
				INFOPLIST_KEY_CFBundleDisplayName = "Pour Metronome";
				INFOPLIST_KEY_UISupportedInterfaceOrientations = "UIInterfaceOrientationPortrait UIInterfaceOrientationPortraitUpsideDown";
				INFOPLIST_KEY_WKWatchOnly = YES;
				LD_RUNPATH_SEARCH_PATHS = (
					"$(inherited)",
					"@executable_path/Frameworks",
				);
				MARKETING_VERSION = 1.0;
				PRODUCT_BUNDLE_IDENTIFIER = "Jaguar-Works";
				PRODUCT_NAME = "$(TARGET_NAME)";
				SDKROOT = watchos;
				SKIP_INSTALL = YES;
				SWIFT_EMIT_LOC_STRINGS = YES;
				SWIFT_VERSION = 5.0;
				TARGETED_DEVICE_FAMILY = 4;
				WATCHOS_DEPLOYMENT_TARGET = 10.2;
			};
			name = Debug;
		};
		3E276C8A2B91712A00D97629 /* Release */ = {
			isa = XCBuildConfiguration;
			buildSettings = {
				ASSETCATALOG_COMPILER_APPICON_NAME = AppIcon;
				ASSETCATALOG_COMPILER_GLOBAL_ACCENT_COLOR_NAME = AccentColor;
				CODE_SIGN_STYLE = Automatic;
				CURRENT_PROJECT_VERSION = 1;
				DEVELOPMENT_ASSET_PATHS = "\"Pour Metronome Watch App/Preview Content\"";
				DEVELOPMENT_TEAM = Z35246PN3J;
				ENABLE_PREVIEWS = YES;
				GENERATE_INFOPLIST_FILE = YES;
				INFOPLIST_KEY_CFBundleDisplayName = "Pour Metronome";
				INFOPLIST_KEY_UISupportedInterfaceOrientations = "UIInterfaceOrientationPortrait UIInterfaceOrientationPortraitUpsideDown";
				INFOPLIST_KEY_WKWatchOnly = YES;
				LD_RUNPATH_SEARCH_PATHS = (
					"$(inherited)",
					"@executable_path/Frameworks",
				);
				MARKETING_VERSION = 1.0;
				PRODUCT_BUNDLE_IDENTIFIER = "Jaguar-Works";
				PRODUCT_NAME = "$(TARGET_NAME)";
				SDKROOT = watchos;
				SKIP_INSTALL = YES;
				SWIFT_EMIT_LOC_STRINGS = YES;
				SWIFT_VERSION = 5.0;
				TARGETED_DEVICE_FAMILY = 4;
				VALIDATE_PRODUCT = YES;
				WATCHOS_DEPLOYMENT_TARGET = 10.2;
			};
			name = Release;
		};
		3E276C8D2B91712A00D97629 /* Debug */ = {
			isa = XCBuildConfiguration;
			buildSettings = {
				ALWAYS_EMBED_SWIFT_STANDARD_LIBRARIES = YES;
				CODE_SIGN_STYLE = Automatic;
				CURRENT_PROJECT_VERSION = 1;
				DEVELOPMENT_TEAM = Z35246PN3J;
				INFOPLIST_KEY_CFBundleDisplayName = "Pour Metronome";
				MARKETING_VERSION = 1.0;
				PRODUCT_BUNDLE_IDENTIFIER = "Jaguar-Works.Pour-Metronome";
				PRODUCT_NAME = "$(TARGET_NAME)";
				SDKROOT = iphoneos;
				SWIFT_VERSION = 5.0;
			};
			name = Debug;
		};
		3E276C8E2B91712A00D97629 /* Release */ = {
			isa = XCBuildConfiguration;
			buildSettings = {
				ALWAYS_EMBED_SWIFT_STANDARD_LIBRARIES = YES;
				CODE_SIGN_STYLE = Automatic;
				CURRENT_PROJECT_VERSION = 1;
				DEVELOPMENT_TEAM = Z35246PN3J;
				INFOPLIST_KEY_CFBundleDisplayName = "Pour Metronome";
				MARKETING_VERSION = 1.0;
				PRODUCT_BUNDLE_IDENTIFIER = "Jaguar-Works.Pour-Metronome";
				PRODUCT_NAME = "$(TARGET_NAME)";
				SDKROOT = iphoneos;
				SWIFT_VERSION = 5.0;
				VALIDATE_PRODUCT = YES;
			};
			name = Release;
		};
		3E276C902B91712A00D97629 /* Debug */ = {
			isa = XCBuildConfiguration;
			buildSettings = {
				ALWAYS_EMBED_SWIFT_STANDARD_LIBRARIES = YES;
				BUNDLE_LOADER = "$(TEST_HOST)";
				CODE_SIGN_STYLE = Automatic;
				CURRENT_PROJECT_VERSION = 1;
				GENERATE_INFOPLIST_FILE = YES;
				MARKETING_VERSION = 1.0;
				PRODUCT_BUNDLE_IDENTIFIER = "Jaguar-Works.Pour-Metronome-Watch-AppTests";
				PRODUCT_NAME = "$(TARGET_NAME)";
				SDKROOT = watchos;
				SWIFT_EMIT_LOC_STRINGS = NO;
				SWIFT_VERSION = 5.0;
				TARGETED_DEVICE_FAMILY = 4;
				TEST_HOST = "$(BUILT_PRODUCTS_DIR)/Pour Metronome Watch App.app/$(BUNDLE_EXECUTABLE_FOLDER_PATH)/Pour Metronome Watch App";
				WATCHOS_DEPLOYMENT_TARGET = 10.2;
			};
			name = Debug;
		};
		3E276C912B91712A00D97629 /* Release */ = {
			isa = XCBuildConfiguration;
			buildSettings = {
				ALWAYS_EMBED_SWIFT_STANDARD_LIBRARIES = YES;
				BUNDLE_LOADER = "$(TEST_HOST)";
				CODE_SIGN_STYLE = Automatic;
				CURRENT_PROJECT_VERSION = 1;
				GENERATE_INFOPLIST_FILE = YES;
				MARKETING_VERSION = 1.0;
				PRODUCT_BUNDLE_IDENTIFIER = "Jaguar-Works.Pour-Metronome-Watch-AppTests";
				PRODUCT_NAME = "$(TARGET_NAME)";
				SDKROOT = watchos;
				SWIFT_EMIT_LOC_STRINGS = NO;
				SWIFT_VERSION = 5.0;
				TARGETED_DEVICE_FAMILY = 4;
				TEST_HOST = "$(BUILT_PRODUCTS_DIR)/Pour Metronome Watch App.app/$(BUNDLE_EXECUTABLE_FOLDER_PATH)/Pour Metronome Watch App";
				VALIDATE_PRODUCT = YES;
				WATCHOS_DEPLOYMENT_TARGET = 10.2;
			};
			name = Release;
		};
		3E276C932B91712A00D97629 /* Debug */ = {
			isa = XCBuildConfiguration;
			buildSettings = {
				ALWAYS_EMBED_SWIFT_STANDARD_LIBRARIES = YES;
				CODE_SIGN_STYLE = Automatic;
				CURRENT_PROJECT_VERSION = 1;
				GENERATE_INFOPLIST_FILE = YES;
				MARKETING_VERSION = 1.0;
				PRODUCT_BUNDLE_IDENTIFIER = "Jaguar-Works.Pour-Metronome-Watch-AppUITests";
				PRODUCT_NAME = "$(TARGET_NAME)";
				SDKROOT = watchos;
				SWIFT_EMIT_LOC_STRINGS = NO;
				SWIFT_VERSION = 5.0;
				TARGETED_DEVICE_FAMILY = 4;
				TEST_TARGET_NAME = "Pour Metronome Watch App";
				WATCHOS_DEPLOYMENT_TARGET = 10.2;
			};
			name = Debug;
		};
		3E276C942B91712A00D97629 /* Release */ = {
			isa = XCBuildConfiguration;
			buildSettings = {
				ALWAYS_EMBED_SWIFT_STANDARD_LIBRARIES = YES;
				CODE_SIGN_STYLE = Automatic;
				CURRENT_PROJECT_VERSION = 1;
				GENERATE_INFOPLIST_FILE = YES;
				MARKETING_VERSION = 1.0;
				PRODUCT_BUNDLE_IDENTIFIER = "Jaguar-Works.Pour-Metronome-Watch-AppUITests";
				PRODUCT_NAME = "$(TARGET_NAME)";
				SDKROOT = watchos;
				SWIFT_EMIT_LOC_STRINGS = NO;
				SWIFT_VERSION = 5.0;
				TARGETED_DEVICE_FAMILY = 4;
				TEST_TARGET_NAME = "Pour Metronome Watch App";
				VALIDATE_PRODUCT = YES;
				WATCHOS_DEPLOYMENT_TARGET = 10.2;
			};
			name = Release;
		};
/* End XCBuildConfiguration section */

/* Begin XCConfigurationList section */
		3E276C592B91712900D97629 /* Build configuration list for PBXProject "Pour Metronome" */ = {
			isa = XCConfigurationList;
			buildConfigurations = (
				3E276C862B91712A00D97629 /* Debug */,
				3E276C872B91712A00D97629 /* Release */,
			);
			defaultConfigurationIsVisible = 0;
			defaultConfigurationName = Release;
		};
		3E276C882B91712A00D97629 /* Build configuration list for PBXNativeTarget "Pour Metronome Watch App" */ = {
			isa = XCConfigurationList;
			buildConfigurations = (
				3E276C892B91712A00D97629 /* Debug */,
				3E276C8A2B91712A00D97629 /* Release */,
			);
			defaultConfigurationIsVisible = 0;
			defaultConfigurationName = Release;
		};
		3E276C8C2B91712A00D97629 /* Build configuration list for PBXNativeTarget "Pour Metronome" */ = {
			isa = XCConfigurationList;
			buildConfigurations = (
				3E276C8D2B91712A00D97629 /* Debug */,
				3E276C8E2B91712A00D97629 /* Release */,
			);
			defaultConfigurationIsVisible = 0;
			defaultConfigurationName = Release;
		};
		3E276C8F2B91712A00D97629 /* Build configuration list for PBXNativeTarget "Pour Metronome Watch AppTests" */ = {
			isa = XCConfigurationList;
			buildConfigurations = (
				3E276C902B91712A00D97629 /* Debug */,
				3E276C912B91712A00D97629 /* Release */,
			);
			defaultConfigurationIsVisible = 0;
			defaultConfigurationName = Release;
		};
		3E276C922B91712A00D97629 /* Build configuration list for PBXNativeTarget "Pour Metronome Watch AppUITests" */ = {
			isa = XCConfigurationList;
			buildConfigurations = (
				3E276C932B91712A00D97629 /* Debug */,
				3E276C942B91712A00D97629 /* Release */,
			);
			defaultConfigurationIsVisible = 0;
			defaultConfigurationName = Release;
		};
/* End XCConfigurationList section */
	};
	rootObject = 3E276C562B91712900D97629 /* Project object */;
}
